
Microsoft Visual Studio Solution File, Format Version 12.00
# Visual Studio 15
VisualStudioVersion = 15.0.27130.2027
MinimumVisualStudioVersion = 10.0.40219.1
Project("{FAE04EC0-301F-11D3-BF4B-00C04F79EFBC}") = "IOS", "IOS\IOS.csproj", "{C342F935-F55F-4887-B199-69233A417356}"
EndProject
Project("{D954291E-2A0B-460D-934E-DC6B0785DB48}") = "Shared", "Shared\Shared.shproj", "{80E36BD2-87D5-48FB-BF4D-C1B23C0557E2}"
EndProject
Project("{FAE04EC0-301F-11D3-BF4B-00C04F79EFBC}") = "Model", "Model\Model.csproj", "{B978C094-ED1B-4EBE-A866-06EF0FE56EC8}"
EndProject
Project("{FAE04EC0-301F-11D3-BF4B-00C04F79EFBC}") = "Droid", "Droid\Droid.csproj", "{C4027202-1560-4DE4-B079-FF72D0D90706}"
EndProject
Global
	GlobalSection(SharedMSBuildProjectFiles) = preSolution
		Shared\Shared.projitems*{80e36bd2-87d5-48fb-bf4d-c1b23c0557e2}*SharedItemsImports = 13
	EndGlobalSection
	GlobalSection(SolutionConfigurationPlatforms) = preSolution
		Debug|Any CPU = Debug|Any CPU
		Release|Any CPU = Release|Any CPU
	EndGlobalSection
	GlobalSection(ProjectConfigurationPlatforms) = postSolution
		{C342F935-F55F-4887-B199-69233A417356}.Debug|Any CPU.ActiveCfg = Debug|iPhoneSimulator
		{C342F935-F55F-4887-B199-69233A417356}.Debug|Any CPU.Build.0 = Debug|iPhoneSimulator
		{C342F935-F55F-4887-B199-69233A417356}.Release|Any CPU.ActiveCfg = Release|iPhoneSimulator
		{C342F935-F55F-4887-B199-69233A417356}.Release|Any CPU.Build.0 = Release|iPhoneSimulator
		{B978C094-ED1B-4EBE-A866-06EF0FE56EC8}.Debug|Any CPU.ActiveCfg = Debug|Any CPU
		{B978C094-ED1B-4EBE-A866-06EF0FE56EC8}.Debug|Any CPU.Build.0 = Debug|Any CPU
		{B978C094-ED1B-4EBE-A866-06EF0FE56EC8}.Release|Any CPU.ActiveCfg = Release|Any CPU
		{B978C094-ED1B-4EBE-A866-06EF0FE56EC8}.Release|Any CPU.Build.0 = Release|Any CPU
		{C4027202-1560-4DE4-B079-FF72D0D90706}.Debug|Any CPU.ActiveCfg = Debug|Any CPU
		{C4027202-1560-4DE4-B079-FF72D0D90706}.Debug|Any CPU.Build.0 = Debug|Any CPU
		{C4027202-1560-4DE4-B079-FF72D0D90706}.Release|Any CPU.ActiveCfg = Release|Any CPU
		{C4027202-1560-4DE4-B079-FF72D0D90706}.Release|Any CPU.Build.0 = Release|Any CPU
	EndGlobalSection
	GlobalSection(SolutionProperties) = preSolution
		HideSolutionNode = FALSE
	EndGlobalSection
	GlobalSection(ExtensibilityGlobals) = postSolution
		SolutionGuid = {74596D18-49D5-475D-87F0-F708FC0B19B2}
	EndGlobalSection
EndGlobal
