
Microsoft Visual Studio Solution File, Format Version 12.00
Project("{FAE04EC0-301F-11D3-BF4B-00C04F79EFBC}") = "AndroidApp1", "AndroidApp1\AndroidApp1.csproj", "{0ED17017-263F-4CA0-AE67-5E248A702015}"
EndProject
Global
	GlobalSection(SolutionConfigurationPlatforms) = preSolution
		Debug|Any CPU = Debug|Any CPU
		Release|Any CPU = Release|Any CPU
	EndGlobalSection
	GlobalSection(ProjectConfigurationPlatforms) = postSolution
		{0ED17017-263F-4CA0-AE67-5E248A702015}.Debug|Any CPU.ActiveCfg = Debug|Any CPU
		{0ED17017-263F-4CA0-AE67-5E248A702015}.Debug|Any CPU.Build.0 = Debug|Any CPU
		{0ED17017-263F-4CA0-AE67-5E248A702015}.Release|Any CPU.ActiveCfg = Release|Any CPU
		{0ED17017-263F-4CA0-AE67-5E248A702015}.Release|Any CPU.Build.0 = Release|Any CPU
	EndGlobalSection
EndGlobal
